
Microsoft Visual Studio Solution File, Format Version 12.00
# Visual Studio Version 17
VisualStudioVersion = 17.7.34202.233
MinimumVisualStudioVersion = 10.0.40219.1
Project("{FAE04EC0-301F-11D3-BF4B-00C04F79EFBC}") = "Library Email Service", "Library Email Service.csproj", "{F71B4376-08DF-4D9D-B4BE-F359C37A83C4}"
EndProject
Global
	GlobalSection(SolutionConfigurationPlatforms) = preSolution
		Debug|Any CPU = Debug|Any CPU
		Release|Any CPU = Release|Any CPU
	EndGlobalSection
	GlobalSection(ProjectConfigurationPlatforms) = postSolution
		{F71B4376-08DF-4D9D-B4BE-F359C37A83C4}.Debug|Any CPU.ActiveCfg = Debug|Any CPU
		{F71B4376-08DF-4D9D-B4BE-F359C37A83C4}.Debug|Any CPU.Build.0 = Debug|Any CPU
		{F71B4376-08DF-4D9D-B4BE-F359C37A83C4}.Release|Any CPU.ActiveCfg = Release|Any CPU
		{F71B4376-08DF-4D9D-B4BE-F359C37A83C4}.Release|Any CPU.Build.0 = Release|Any CPU
	EndGlobalSection
	GlobalSection(SolutionProperties) = preSolution
		HideSolutionNode = FALSE
	EndGlobalSection
	GlobalSection(ExtensibilityGlobals) = postSolution
		SolutionGuid = {572D7751-620C-490D-8D2E-DD0B362C2112}
	EndGlobalSection
EndGlobal
